github.com/MagnusFrater/fontawesome v1.0.0 h1:xTuhy/lb0wJ5mLO2DuDhxC1K8V/xQrwNhAXEVKsbfJo=
github.com/MagnusFrater/fontawesome v1.0.0/go.mod h1:bJLogExD2t6x0XItfB8tNECQfsILXg1lzeq85zmTITs=
github.com/MagnusFrater/helmet v1.0.0 h1:xzKXDZIXg4ik05MCVHZN3mTOc+3Skzm552nujJ5PzYI=
github.com/MagnusFrater/helmet v1.0.0/go.mod h1:giGWX/jKRWjf+jxEmKOXyBdtz7VmAK3SEbadVV2pdxA=
github.com/justinas/alice v1.2.0 h1:+MHSA/vccVCF4Uq37S42jwlkvI2Xzl7zTPCN5BnZNVo=
github.com/justinas/alice v1.2.0/go.mod h1:fN5HRH/reO/zrUflLfTN43t3vXvKzvZIENsNEe7i7qA=
